// !$*UTF8*$!
{
	archiveVersion = 1;
	classes = {
	};
	objectVersion = 46;
	objects = {

/* Begin PBXBuildFile section */
		8417598A1CAEFA5F002B7B02 /* libsqlite3.0.tbd in Frameworks */ = {isa = PBXBuildFile; fileRef = 841759881CAEFA5F002B7B02 /* libsqlite3.0.tbd */; };
		8417598B1CAEFA5F002B7B02 /* libsqlite3.tbd in Frameworks */ = {isa = PBXBuildFile; fileRef = 841759891CAEFA5F002B7B02 /* libsqlite3.tbd */; };
		84760F501CA8415100670FC7 /* main.c in Sources */ = {isa = PBXBuildFile; fileRef = 84760F4F1CA8415100670FC7 /* main.c */; };
		84760F581CA8434A00670FC7 /* system.c in Sources */ = {isa = PBXBuildFile; fileRef = 84760F561CA8434A00670FC7 /* system.c */; };
		84760F5B1CA8439200670FC7 /* operator.c in Sources */ = {isa = PBXBuildFile; fileRef = 84760F591CA8439200670FC7 /* operator.c */; };
		84760F5E1CA843B600670FC7 /* administrator.c in Sources */ = {isa = PBXBuildFile; fileRef = 84760F5C1CA843B600670FC7 /* administrator.c */; };
/* End PBXBuildFile section */

/* Begin PBXCopyFilesBuildPhase section */
		84760F4A1CA8415100670FC7 /* CopyFiles */ = {
			isa = PBXCopyFilesBuildPhase;
			buildActionMask = 2147483647;
			dstPath = /usr/share/man/man1/;
			dstSubfolderSpec = 0;
			files = (
			);
			runOnlyForDeploymentPostprocessing = 1;
		};
/* End PBXCopyFilesBuildPhase section */

/* Begin PBXFileReference section */
		841759881CAEFA5F002B7B02 /* libsqlite3.0.tbd */ = {isa = PBXFileReference; lastKnownFileType = "sourcecode.text-based-dylib-definition"; name = libsqlite3.0.tbd; path = usr/lib/libsqlite3.0.tbd; sourceTree = SDKROOT; };
		841759891CAEFA5F002B7B02 /* libsqlite3.tbd */ = {isa = PBXFileReference; lastKnownFileType = "sourcecode.text-based-dylib-definition"; name = libsqlite3.tbd; path = usr/lib/libsqlite3.tbd; sourceTree = SDKROOT; };
		84760F4C1CA8415100670FC7 /* BanKING-System */ = {isa = PBXFileReference; explicitFileType = "compiled.mach-o.executable"; includeInIndex = 0; path = "BanKING-System"; sourceTree = BUILT_PRODUCTS_DIR; };
		84760F4F1CA8415100670FC7 /* main.c */ = {isa = PBXFileReference; lastKnownFileType = sourcecode.c.c; path = main.c; sourceTree = "<group>"; };
		84760F561CA8434A00670FC7 /* system.c */ = {isa = PBXFileReference; fileEncoding = 4; lastKnownFileType = sourcecode.c.c; path = system.c; sourceTree = "<group>"; };
		84760F571CA8434A00670FC7 /* system.h */ = {isa = PBXFileReference; fileEncoding = 4; lastKnownFileType = sourcecode.c.h; path = system.h; sourceTree = "<group>"; };
		84760F591CA8439200670FC7 /* operator.c */ = {isa = PBXFileReference; fileEncoding = 4; lastKnownFileType = sourcecode.c.c; path = operator.c; sourceTree = "<group>"; };
		84760F5A1CA8439200670FC7 /* operator.h */ = {isa = PBXFileReference; fileEncoding = 4; lastKnownFileType = sourcecode.c.h; path = operator.h; sourceTree = "<group>"; };
		84760F5C1CA843B600670FC7 /* administrator.c */ = {isa = PBXFileReference; fileEncoding = 4; lastKnownFileType = sourcecode.c.c; path = administrator.c; sourceTree = "<group>"; };
		84760F5D1CA843B600670FC7 /* administrator.h */ = {isa = PBXFileReference; fileEncoding = 4; lastKnownFileType = sourcecode.c.h; path = administrator.h; sourceTree = "<group>"; };
/* End PBXFileReference section */

/* Begin PBXFrameworksBuildPhase section */
		84760F491CA8415100670FC7 /* Frameworks */ = {
			isa = PBXFrameworksBuildPhase;
			buildActionMask = 2147483647;
			files = (
				8417598A1CAEFA5F002B7B02 /* libsqlite3.0.tbd in Frameworks */,
				8417598B1CAEFA5F002B7B02 /* libsqlite3.tbd in Frameworks */,
			);
			runOnlyForDeploymentPostprocessing = 0;
		};
/* End PBXFrameworksBuildPhase section */

/* Begin PBXGroup section */
		84760F431CA8415100670FC7 = {
			isa = PBXGroup;
			children = (
				841759881CAEFA5F002B7B02 /* libsqlite3.0.tbd */,
				841759891CAEFA5F002B7B02 /* libsqlite3.tbd */,
				84760F4E1CA8415100670FC7 /* BanKING-System */,
				84760F4D1CA8415100670FC7 /* Products */,
			);
			sourceTree = "<group>";
		};
		84760F4D1CA8415100670FC7 /* Products */ = {
			isa = PBXGroup;
			children = (
				84760F4C1CA8415100670FC7 /* BanKING-System */,
			);
			name = Products;
			sourceTree = "<group>";
		};
		84760F4E1CA8415100670FC7 /* BanKING-System */ = {
			isa = PBXGroup;
			children = (
				84760F4F1CA8415100670FC7 /* main.c */,
				84760F561CA8434A00670FC7 /* system.c */,
				84760F571CA8434A00670FC7 /* system.h */,
				84760F591CA8439200670FC7 /* operator.c */,
				84760F5A1CA8439200670FC7 /* operator.h */,
				84760F5C1CA843B600670FC7 /* administrator.c */,
				84760F5D1CA843B600670FC7 /* administrator.h */,
			);
			path = "BanKING-System";
			sourceTree = "<group>";
		};
/* End PBXGroup section */

/* Begin PBXNativeTarget section */
		84760F4B1CA8415100670FC7 /* BanKING-System */ = {
			isa = PBXNativeTarget;
			buildConfigurationList = 84760F531CA8415100670FC7 /* Build configuration list for PBXNativeTarget "BanKING-System" */;
			buildPhases = (
				84760F481CA8415100670FC7 /* Sources */,
				84760F491CA8415100670FC7 /* Frameworks */,
				84760F4A1CA8415100670FC7 /* CopyFiles */,
			);
			buildRules = (
			);
			dependencies = (
			);
			name = "BanKING-System";
			productName = "BanKING-System";
			productReference = 84760F4C1CA8415100670FC7 /* BanKING-System */;
			productType = "com.apple.product-type.tool";
		};
/* End PBXNativeTarget section */

/* Begin PBXProject section */
		84760F441CA8415100670FC7 /* Project object */ = {
			isa = PBXProject;
			attributes = {
				LastUpgradeCheck = 0720;
				ORGANIZATIONNAME = "Yawning Turtles";
				TargetAttributes = {
					84760F4B1CA8415100670FC7 = {
						CreatedOnToolsVersion = 7.2.1;
					};
				};
			};
			buildConfigurationList = 84760F471CA8415100670FC7 /* Build configuration list for PBXProject "BanKING-System" */;
			compatibilityVersion = "Xcode 3.2";
			developmentRegion = English;
			hasScannedForEncodings = 0;
			knownRegions = (
				en,
			);
			mainGroup = 84760F431CA8415100670FC7;
			productRefGroup = 84760F4D1CA8415100670FC7 /* Products */;
			projectDirPath = "";
			projectRoot = "";
			targets = (
				84760F4B1CA8415100670FC7 /* BanKING-System */,
			);
		};
/* End PBXProject section */

/* Begin PBXSourcesBuildPhase section */
		84760F481CA8415100670FC7 /* Sources */ = {
			isa = PBXSourcesBuildPhase;
			buildActionMask = 2147483647;
			files = (
				84760F581CA8434A00670FC7 /* system.c in Sources */,
				84760F5E1CA843B600670FC7 /* administrator.c in Sources */,
				84760F5B1CA8439200670FC7 /* operator.c in Sources */,
				84760F501CA8415100670FC7 /* main.c in Sources */,
			);
			runOnlyForDeploymentPostprocessing = 0;
		};
/* End PBXSourcesBuildPhase section */

/* Begin XCBuildConfiguration section */
		84760F511CA8415100670FC7 /* Debug */ = {
			isa = XCBuildConfiguration;
			buildSettings = {
				ALWAYS_SEARCH_USER_PATHS = NO;
				CLANG_CXX_LANGUAGE_STANDARD = "gnu++0x";
				CLANG_CXX_LIBRARY = "libc++";
				CLANG_ENABLE_MODULES = YES;
				CLANG_ENABLE_OBJC_ARC = YES;
				CLANG_WARN_BOOL_CONVERSION = YES;
				CLANG_WARN_CONSTANT_CONVERSION = YES;
				CLANG_WARN_DIRECT_OBJC_ISA_USAGE = YES_ERROR;
				CLANG_WARN_EMPTY_BODY = YES;
				CLANG_WARN_ENUM_CONVERSION = YES;
				CLANG_WARN_INT_CONVERSION = YES;
				CLANG_WARN_OBJC_ROOT_CLASS = YES_ERROR;
				CLANG_WARN_UNREACHABLE_CODE = YES;
				CLANG_WARN__DUPLICATE_METHOD_MATCH = YES;
				CODE_SIGN_IDENTITY = "-";
				COPY_PHASE_STRIP = NO;
				DEBUG_INFORMATION_FORMAT = dwarf;
				ENABLE_STRICT_OBJC_MSGSEND = YES;
				ENABLE_TESTABILITY = YES;
				GCC_C_LANGUAGE_STANDARD = gnu99;
				GCC_DYNAMIC_NO_PIC = NO;
				GCC_NO_COMMON_BLOCKS = YES;
				GCC_OPTIMIZATION_LEVEL = 0;
				GCC_PREPROCESSOR_DEFINITIONS = (
					"DEBUG=1",
					"$(inherited)",
				);
				GCC_WARN_64_TO_32_BIT_CONVERSION = YES;
				GCC_WARN_ABOUT_RETURN_TYPE = YES_ERROR;
				GCC_WARN_UNDECLARED_SELECTOR = YES;
				GCC_WARN_UNINITIALIZED_AUTOS = YES_AGGRESSIVE;
				GCC_WARN_UNUSED_FUNCTION = YES;
				GCC_WARN_UNUSED_VARIABLE = YES;
				MACOSX_DEPLOYMENT_TARGET = 10.11;
				MTL_ENABLE_DEBUG_INFO = YES;
				ONLY_ACTIVE_ARCH = YES;
				SDKROOT = macosx;
			};
			name = Debug;
		};
		84760F521CA8415100670FC7 /* Release */ = {
			isa = XCBuildConfiguration;
			buildSettings = {
				ALWAYS_SEARCH_USER_PATHS = NO;
				CLANG_CXX_LANGUAGE_STANDARD = "gnu++0x";
				CLANG_CXX_LIBRARY = "libc++";
				CLANG_ENABLE_MODULES = YES;
				CLANG_ENABLE_OBJC_ARC = YES;
				CLANG_WARN_BOOL_CONVERSION = YES;
				CLANG_WARN_CONSTANT_CONVERSION = YES;
				CLANG_WARN_DIRECT_OBJC_ISA_USAGE = YES_ERROR;
				CLANG_WARN_EMPTY_BODY = YES;
				CLANG_WARN_ENUM_CONVERSION = YES;
				CLANG_WARN_INT_CONVERSION = YES;
				CLANG_WARN_OBJC_ROOT_CLASS = YES_ERROR;
				CLANG_WARN_UNREACHABLE_CODE = YES;
				CLANG_WARN__DUPLICATE_METHOD_MATCH = YES;
				CODE_SIGN_IDENTITY = "-";
				COPY_PHASE_STRIP = NO;
				DEBUG_INFORMATION_FORMAT = "dwarf-with-dsym";
				ENABLE_NS_ASSERTIONS = NO;
				ENABLE_STRICT_OBJC_MSGSEND = YES;
				GCC_C_LANGUAGE_STANDARD = gnu99;
				GCC_NO_COMMON_BLOCKS = YES;
				GCC_WARN_64_TO_32_BIT_CONVERSION = YES;
				GCC_WARN_ABOUT_RETURN_TYPE = YES_ERROR;
				GCC_WARN_UNDECLARED_SELECTOR = YES;
				GCC_WARN_UNINITIALIZED_AUTOS = YES_AGGRESSIVE;
				GCC_WARN_UNUSED_FUNCTION = YES;
				GCC_WARN_UNUSED_VARIABLE = YES;
				MACOSX_DEPLOYMENT_TARGET = 10.11;
				MTL_ENABLE_DEBUG_INFO = NO;
				SDKROOT = macosx;
			};
			name = Release;
		};
		84760F541CA8415100670FC7 /* Debug */ = {
			isa = XCBuildConfiguration;
			buildSettings = {
				PRODUCT_NAME = "$(TARGET_NAME)";
			};
			name = Debug;
		};
		84760F551CA8415100670FC7 /* Release */ = {
			isa = XCBuildConfiguration;
			buildSettings = {
				PRODUCT_NAME = "$(TARGET_NAME)";
			};
			name = Release;
		};
/* End XCBuildConfiguration section */

/* Begin XCConfigurationList section */
		84760F471CA8415100670FC7 /* Build configuration list for PBXProject "BanKING-System" */ = {
			isa = XCConfigurationList;
			buildConfigurations = (
				84760F511CA8415100670FC7 /* Debug */,
				84760F521CA8415100670FC7 /* Release */,
			);
			defaultConfigurationIsVisible = 0;
			defaultConfigurationName = Release;
		};
		84760F531CA8415100670FC7 /* Build configuration list for PBXNativeTarget "BanKING-System" */ = {
			isa = XCConfigurationList;
			buildConfigurations = (
				84760F541CA8415100670FC7 /* Debug */,
				84760F551CA8415100670FC7 /* Release */,
			);
			defaultConfigurationIsVisible = 0;
			defaultConfigurationName = Release;
		};
/* End XCConfigurationList section */
	};
	rootObject = 84760F441CA8415100670FC7 /* Project object */;
}
